
Microsoft Visual Studio Solution File, Format Version 12.00
# Visual Studio 15
VisualStudioVersion = 15.0.26124.0
MinimumVisualStudioVersion = 15.0.26124.0
Project("{FAE04EC0-301F-11D3-BF4B-00C04F79EFBC}") = "ProjectX.WebApi", "src\ProjectX.WebApi\ProjectX.WebApi.csproj", "{9644E4A1-7392-4BE6-B07C-9841EB917227}"
EndProject
Project("{FAE04EC0-301F-11D3-BF4B-00C04F79EFBC}") = "ProjectX.Api", "src\ProjectX.Api\ProjectX.Api.csproj", "{E83BBC8B-64A8-4A21-A617-AD1A5D109E56}"
EndProject
Project("{FAE04EC0-301F-11D3-BF4B-00C04F79EFBC}") = "ProjectX.Api.Abstractions", "src\ProjectX.Api.Abstractions\ProjectX.Api.Abstractions.csproj", "{81570500-C39A-414F-9AE1-8F25153A5162}"
EndProject
Project("{FAE04EC0-301F-11D3-BF4B-00C04F79EFBC}") = "ProjectX.Api.Tests", "tests\ProjectX.Api.Tests\ProjectX.Api.Tests.csproj", "{BED58FE0-2B39-4B34-9135-64C832FCC273}"
EndProject
Project("{FAE04EC0-301F-11D3-BF4B-00C04F79EFBC}") = "ProjectX.Di", "src\ProjectX.Di\ProjectX.Di.csproj", "{828B1976-4287-4704-B9EB-DF131A71140D}"
EndProject
Project("{2150E333-8FDC-42A3-9474-1A3956D46DE8}") = "src", "src", "{D0C8F791-6552-4FFC-8577-4F52A661C040}"
EndProject
Project("{FAE04EC0-301F-11D3-BF4B-00C04F79EFBC}") = "ProjectX.Mvc", "src\ProjectX.Mvc\ProjectX.Mvc.csproj", "{7DBC7CAC-70F7-4A75-AB17-0533BB52CCEA}"
EndProject
Project("{FAE04EC0-301F-11D3-BF4B-00C04F79EFBC}") = "ProjectX.Blazor", "src\ProjectX.Blazor\ProjectX.Blazor.csproj", "{D32CF01C-58B9-40A6-9A96-049A5F5BE66E}"
EndProject
Project("{FAE04EC0-301F-11D3-BF4B-00C04F79EFBC}") = "ProjectX.IdentityServer", "src\ProjectX.IdentityServer\ProjectX.IdentityServer.csproj", "{710463E8-D0B8-44D9-B2D5-130282CCB272}"
EndProject
Project("{FAE04EC0-301F-11D3-BF4B-00C04F79EFBC}") = "ProjectX.BlazorServer", "src\ProjectX.BlazorServer\ProjectX.BlazorServer.csproj", "{6FD12FCE-AC59-4DB9-9213-A9C1BE2F7994}"
EndProject
Global
	GlobalSection(SolutionConfigurationPlatforms) = preSolution
		Debug|Any CPU = Debug|Any CPU
		Debug|x64 = Debug|x64
		Debug|x86 = Debug|x86
		Release|Any CPU = Release|Any CPU
		Release|x64 = Release|x64
		Release|x86 = Release|x86
	EndGlobalSection
	GlobalSection(SolutionProperties) = preSolution
		HideSolutionNode = FALSE
	EndGlobalSection
	GlobalSection(ProjectConfigurationPlatforms) = postSolution
		{9644E4A1-7392-4BE6-B07C-9841EB917227}.Debug|Any CPU.ActiveCfg = Debug|Any CPU
		{9644E4A1-7392-4BE6-B07C-9841EB917227}.Debug|Any CPU.Build.0 = Debug|Any CPU
		{9644E4A1-7392-4BE6-B07C-9841EB917227}.Debug|x64.ActiveCfg = Debug|Any CPU
		{9644E4A1-7392-4BE6-B07C-9841EB917227}.Debug|x64.Build.0 = Debug|Any CPU
		{9644E4A1-7392-4BE6-B07C-9841EB917227}.Debug|x86.ActiveCfg = Debug|Any CPU
		{9644E4A1-7392-4BE6-B07C-9841EB917227}.Debug|x86.Build.0 = Debug|Any CPU
		{9644E4A1-7392-4BE6-B07C-9841EB917227}.Release|Any CPU.ActiveCfg = Release|Any CPU
		{9644E4A1-7392-4BE6-B07C-9841EB917227}.Release|Any CPU.Build.0 = Release|Any CPU
		{9644E4A1-7392-4BE6-B07C-9841EB917227}.Release|x64.ActiveCfg = Release|Any CPU
		{9644E4A1-7392-4BE6-B07C-9841EB917227}.Release|x64.Build.0 = Release|Any CPU
		{9644E4A1-7392-4BE6-B07C-9841EB917227}.Release|x86.ActiveCfg = Release|Any CPU
		{9644E4A1-7392-4BE6-B07C-9841EB917227}.Release|x86.Build.0 = Release|Any CPU
		{E83BBC8B-64A8-4A21-A617-AD1A5D109E56}.Debug|Any CPU.ActiveCfg = Debug|Any CPU
		{E83BBC8B-64A8-4A21-A617-AD1A5D109E56}.Debug|Any CPU.Build.0 = Debug|Any CPU
		{E83BBC8B-64A8-4A21-A617-AD1A5D109E56}.Debug|x64.ActiveCfg = Debug|Any CPU
		{E83BBC8B-64A8-4A21-A617-AD1A5D109E56}.Debug|x64.Build.0 = Debug|Any CPU
		{E83BBC8B-64A8-4A21-A617-AD1A5D109E56}.Debug|x86.ActiveCfg = Debug|Any CPU
		{E83BBC8B-64A8-4A21-A617-AD1A5D109E56}.Debug|x86.Build.0 = Debug|Any CPU
		{E83BBC8B-64A8-4A21-A617-AD1A5D109E56}.Release|Any CPU.ActiveCfg = Release|Any CPU
		{E83BBC8B-64A8-4A21-A617-AD1A5D109E56}.Release|Any CPU.Build.0 = Release|Any CPU
		{E83BBC8B-64A8-4A21-A617-AD1A5D109E56}.Release|x64.ActiveCfg = Release|Any CPU
		{E83BBC8B-64A8-4A21-A617-AD1A5D109E56}.Release|x64.Build.0 = Release|Any CPU
		{E83BBC8B-64A8-4A21-A617-AD1A5D109E56}.Release|x86.ActiveCfg = Release|Any CPU
		{E83BBC8B-64A8-4A21-A617-AD1A5D109E56}.Release|x86.Build.0 = Release|Any CPU
		{81570500-C39A-414F-9AE1-8F25153A5162}.Debug|Any CPU.ActiveCfg = Debug|Any CPU
		{81570500-C39A-414F-9AE1-8F25153A5162}.Debug|Any CPU.Build.0 = Debug|Any CPU
		{81570500-C39A-414F-9AE1-8F25153A5162}.Debug|x64.ActiveCfg = Debug|Any CPU
		{81570500-C39A-414F-9AE1-8F25153A5162}.Debug|x64.Build.0 = Debug|Any CPU
		{81570500-C39A-414F-9AE1-8F25153A5162}.Debug|x86.ActiveCfg = Debug|Any CPU
		{81570500-C39A-414F-9AE1-8F25153A5162}.Debug|x86.Build.0 = Debug|Any CPU
		{81570500-C39A-414F-9AE1-8F25153A5162}.Release|Any CPU.ActiveCfg = Release|Any CPU
		{81570500-C39A-414F-9AE1-8F25153A5162}.Release|Any CPU.Build.0 = Release|Any CPU
		{81570500-C39A-414F-9AE1-8F25153A5162}.Release|x64.ActiveCfg = Release|Any CPU
		{81570500-C39A-414F-9AE1-8F25153A5162}.Release|x64.Build.0 = Release|Any CPU
		{81570500-C39A-414F-9AE1-8F25153A5162}.Release|x86.ActiveCfg = Release|Any CPU
		{81570500-C39A-414F-9AE1-8F25153A5162}.Release|x86.Build.0 = Release|Any CPU
		{BED58FE0-2B39-4B34-9135-64C832FCC273}.Debug|Any CPU.ActiveCfg = Debug|Any CPU
		{BED58FE0-2B39-4B34-9135-64C832FCC273}.Debug|Any CPU.Build.0 = Debug|Any CPU
		{BED58FE0-2B39-4B34-9135-64C832FCC273}.Debug|x64.ActiveCfg = Debug|Any CPU
		{BED58FE0-2B39-4B34-9135-64C832FCC273}.Debug|x64.Build.0 = Debug|Any CPU
		{BED58FE0-2B39-4B34-9135-64C832FCC273}.Debug|x86.ActiveCfg = Debug|Any CPU
		{BED58FE0-2B39-4B34-9135-64C832FCC273}.Debug|x86.Build.0 = Debug|Any CPU
		{BED58FE0-2B39-4B34-9135-64C832FCC273}.Release|Any CPU.ActiveCfg = Release|Any CPU
		{BED58FE0-2B39-4B34-9135-64C832FCC273}.Release|Any CPU.Build.0 = Release|Any CPU
		{BED58FE0-2B39-4B34-9135-64C832FCC273}.Release|x64.ActiveCfg = Release|Any CPU
		{BED58FE0-2B39-4B34-9135-64C832FCC273}.Release|x64.Build.0 = Release|Any CPU
		{BED58FE0-2B39-4B34-9135-64C832FCC273}.Release|x86.ActiveCfg = Release|Any CPU
		{BED58FE0-2B39-4B34-9135-64C832FCC273}.Release|x86.Build.0 = Release|Any CPU
		{828B1976-4287-4704-B9EB-DF131A71140D}.Debug|Any CPU.ActiveCfg = Debug|Any CPU
		{828B1976-4287-4704-B9EB-DF131A71140D}.Debug|Any CPU.Build.0 = Debug|Any CPU
		{828B1976-4287-4704-B9EB-DF131A71140D}.Debug|x64.ActiveCfg = Debug|Any CPU
		{828B1976-4287-4704-B9EB-DF131A71140D}.Debug|x64.Build.0 = Debug|Any CPU
		{828B1976-4287-4704-B9EB-DF131A71140D}.Debug|x86.ActiveCfg = Debug|Any CPU
		{828B1976-4287-4704-B9EB-DF131A71140D}.Debug|x86.Build.0 = Debug|Any CPU
		{828B1976-4287-4704-B9EB-DF131A71140D}.Release|Any CPU.ActiveCfg = Release|Any CPU
		{828B1976-4287-4704-B9EB-DF131A71140D}.Release|Any CPU.Build.0 = Release|Any CPU
		{828B1976-4287-4704-B9EB-DF131A71140D}.Release|x64.ActiveCfg = Release|Any CPU
		{828B1976-4287-4704-B9EB-DF131A71140D}.Release|x64.Build.0 = Release|Any CPU
		{828B1976-4287-4704-B9EB-DF131A71140D}.Release|x86.ActiveCfg = Release|Any CPU
		{828B1976-4287-4704-B9EB-DF131A71140D}.Release|x86.Build.0 = Release|Any CPU
		{7DBC7CAC-70F7-4A75-AB17-0533BB52CCEA}.Debug|Any CPU.ActiveCfg = Debug|Any CPU
		{7DBC7CAC-70F7-4A75-AB17-0533BB52CCEA}.Debug|Any CPU.Build.0 = Debug|Any CPU
		{7DBC7CAC-70F7-4A75-AB17-0533BB52CCEA}.Debug|x64.ActiveCfg = Debug|Any CPU
		{7DBC7CAC-70F7-4A75-AB17-0533BB52CCEA}.Debug|x64.Build.0 = Debug|Any CPU
		{7DBC7CAC-70F7-4A75-AB17-0533BB52CCEA}.Debug|x86.ActiveCfg = Debug|Any CPU
		{7DBC7CAC-70F7-4A75-AB17-0533BB52CCEA}.Debug|x86.Build.0 = Debug|Any CPU
		{7DBC7CAC-70F7-4A75-AB17-0533BB52CCEA}.Release|Any CPU.ActiveCfg = Release|Any CPU
		{7DBC7CAC-70F7-4A75-AB17-0533BB52CCEA}.Release|Any CPU.Build.0 = Release|Any CPU
		{7DBC7CAC-70F7-4A75-AB17-0533BB52CCEA}.Release|x64.ActiveCfg = Release|Any CPU
		{7DBC7CAC-70F7-4A75-AB17-0533BB52CCEA}.Release|x64.Build.0 = Release|Any CPU
		{7DBC7CAC-70F7-4A75-AB17-0533BB52CCEA}.Release|x86.ActiveCfg = Release|Any CPU
		{7DBC7CAC-70F7-4A75-AB17-0533BB52CCEA}.Release|x86.Build.0 = Release|Any CPU
		{D32CF01C-58B9-40A6-9A96-049A5F5BE66E}.Debug|Any CPU.ActiveCfg = Debug|Any CPU
		{D32CF01C-58B9-40A6-9A96-049A5F5BE66E}.Debug|Any CPU.Build.0 = Debug|Any CPU
		{D32CF01C-58B9-40A6-9A96-049A5F5BE66E}.Debug|x64.ActiveCfg = Debug|Any CPU
		{D32CF01C-58B9-40A6-9A96-049A5F5BE66E}.Debug|x64.Build.0 = Debug|Any CPU
		{D32CF01C-58B9-40A6-9A96-049A5F5BE66E}.Debug|x86.ActiveCfg = Debug|Any CPU
		{D32CF01C-58B9-40A6-9A96-049A5F5BE66E}.Debug|x86.Build.0 = Debug|Any CPU
		{D32CF01C-58B9-40A6-9A96-049A5F5BE66E}.Release|Any CPU.ActiveCfg = Release|Any CPU
		{D32CF01C-58B9-40A6-9A96-049A5F5BE66E}.Release|Any CPU.Build.0 = Release|Any CPU
		{D32CF01C-58B9-40A6-9A96-049A5F5BE66E}.Release|x64.ActiveCfg = Release|Any CPU
		{D32CF01C-58B9-40A6-9A96-049A5F5BE66E}.Release|x64.Build.0 = Release|Any CPU
		{D32CF01C-58B9-40A6-9A96-049A5F5BE66E}.Release|x86.ActiveCfg = Release|Any CPU
		{D32CF01C-58B9-40A6-9A96-049A5F5BE66E}.Release|x86.Build.0 = Release|Any CPU
		{710463E8-D0B8-44D9-B2D5-130282CCB272}.Debug|Any CPU.ActiveCfg = Debug|Any CPU
		{710463E8-D0B8-44D9-B2D5-130282CCB272}.Debug|Any CPU.Build.0 = Debug|Any CPU
		{710463E8-D0B8-44D9-B2D5-130282CCB272}.Debug|x64.ActiveCfg = Debug|Any CPU
		{710463E8-D0B8-44D9-B2D5-130282CCB272}.Debug|x64.Build.0 = Debug|Any CPU
		{710463E8-D0B8-44D9-B2D5-130282CCB272}.Debug|x86.ActiveCfg = Debug|Any CPU
		{710463E8-D0B8-44D9-B2D5-130282CCB272}.Debug|x86.Build.0 = Debug|Any CPU
		{710463E8-D0B8-44D9-B2D5-130282CCB272}.Release|Any CPU.ActiveCfg = Release|Any CPU
		{710463E8-D0B8-44D9-B2D5-130282CCB272}.Release|Any CPU.Build.0 = Release|Any CPU
		{710463E8-D0B8-44D9-B2D5-130282CCB272}.Release|x64.ActiveCfg = Release|Any CPU
		{710463E8-D0B8-44D9-B2D5-130282CCB272}.Release|x64.Build.0 = Release|Any CPU
		{710463E8-D0B8-44D9-B2D5-130282CCB272}.Release|x86.ActiveCfg = Release|Any CPU
		{710463E8-D0B8-44D9-B2D5-130282CCB272}.Release|x86.Build.0 = Release|Any CPU
		{6FD12FCE-AC59-4DB9-9213-A9C1BE2F7994}.Debug|Any CPU.ActiveCfg = Debug|Any CPU
		{6FD12FCE-AC59-4DB9-9213-A9C1BE2F7994}.Debug|Any CPU.Build.0 = Debug|Any CPU
		{6FD12FCE-AC59-4DB9-9213-A9C1BE2F7994}.Debug|x64.ActiveCfg = Debug|Any CPU
		{6FD12FCE-AC59-4DB9-9213-A9C1BE2F7994}.Debug|x64.Build.0 = Debug|Any CPU
		{6FD12FCE-AC59-4DB9-9213-A9C1BE2F7994}.Debug|x86.ActiveCfg = Debug|Any CPU
		{6FD12FCE-AC59-4DB9-9213-A9C1BE2F7994}.Debug|x86.Build.0 = Debug|Any CPU
		{6FD12FCE-AC59-4DB9-9213-A9C1BE2F7994}.Release|Any CPU.ActiveCfg = Release|Any CPU
		{6FD12FCE-AC59-4DB9-9213-A9C1BE2F7994}.Release|Any CPU.Build.0 = Release|Any CPU
		{6FD12FCE-AC59-4DB9-9213-A9C1BE2F7994}.Release|x64.ActiveCfg = Release|Any CPU
		{6FD12FCE-AC59-4DB9-9213-A9C1BE2F7994}.Release|x64.Build.0 = Release|Any CPU
		{6FD12FCE-AC59-4DB9-9213-A9C1BE2F7994}.Release|x86.ActiveCfg = Release|Any CPU
		{6FD12FCE-AC59-4DB9-9213-A9C1BE2F7994}.Release|x86.Build.0 = Release|Any CPU
	EndGlobalSection
	GlobalSection(NestedProjects) = preSolution
		{7DBC7CAC-70F7-4A75-AB17-0533BB52CCEA} = {D0C8F791-6552-4FFC-8577-4F52A661C040}
		{D32CF01C-58B9-40A6-9A96-049A5F5BE66E} = {D0C8F791-6552-4FFC-8577-4F52A661C040}
		{710463E8-D0B8-44D9-B2D5-130282CCB272} = {D0C8F791-6552-4FFC-8577-4F52A661C040}
		{6FD12FCE-AC59-4DB9-9213-A9C1BE2F7994} = {D0C8F791-6552-4FFC-8577-4F52A661C040}
	EndGlobalSection
EndGlobal
