
Microsoft Visual Studio Solution File, Format Version 12.00
# Visual Studio Version 16
VisualStudioVersion = 16.0.30717.126
MinimumVisualStudioVersion = 15.0.26124.0
Project("{9A19103F-16F7-4668-BE54-9A1E7A4F7556}") = "ProjectX.Rest", "src\ProjectX.Rest\ProjectX.Rest.csproj", "{9644E4A1-7392-4BE6-B07C-9841EB917227}"
EndProject
Project("{9A19103F-16F7-4668-BE54-9A1E7A4F7556}") = "ProjectX.Api", "src\ProjectX.Api\ProjectX.Api.csproj", "{E83BBC8B-64A8-4A21-A617-AD1A5D109E56}"
EndProject
Project("{9A19103F-16F7-4668-BE54-9A1E7A4F7556}") = "ProjectX.Api.Abstractions", "src\ProjectX.Api.Abstractions\ProjectX.Api.Abstractions.csproj", "{81570500-C39A-414F-9AE1-8F25153A5162}"
EndProject
Project("{9A19103F-16F7-4668-BE54-9A1E7A4F7556}") = "ProjectX.Api.Tests", "tests\ProjectX.Api.Tests\ProjectX.Api.Tests.csproj", "{BED58FE0-2B39-4B34-9135-64C832FCC273}"
EndProject
Project("{9A19103F-16F7-4668-BE54-9A1E7A4F7556}") = "ProjectX.Di", "src\ProjectX.Di\ProjectX.Di.csproj", "{828B1976-4287-4704-B9EB-DF131A71140D}"
EndProject
Project("{2150E333-8FDC-42A3-9474-1A3956D46DE8}") = "src", "src", "{D0C8F791-6552-4FFC-8577-4F52A661C040}"
EndProject
Project("{9A19103F-16F7-4668-BE54-9A1E7A4F7556}") = "ProjectX.IdentityServer", "src\ProjectX.IdentityServer\ProjectX.IdentityServer.csproj", "{710463E8-D0B8-44D9-B2D5-130282CCB272}"
EndProject
Project("{9A19103F-16F7-4668-BE54-9A1E7A4F7556}") = "ProjectX.Blazor", "src\ProjectX.Blazor\ProjectX.Blazor.csproj", "{04CAC986-9807-4655-AB79-3151E6494837}"
EndProject
Project("{2150E333-8FDC-42A3-9474-1A3956D46DE8}") = "tests", "tests", "{0D26C6D2-155E-459B-A1F3-CEBFDA8673FF}"
EndProject
Project("{9A19103F-16F7-4668-BE54-9A1E7A4F7556}") = "ProjectX.Blazor.Tests", "tests\ProjectX.Blazor.Tests\ProjectX.Blazor.Tests.csproj", "{20B31D56-D88B-40C7-960D-49CBB8636915}"
EndProject
Project("{9A19103F-16F7-4668-BE54-9A1E7A4F7556}") = "ProjectX.Rest.Tests", "tests\ProjectX.Rest.Tests\ProjectX.Rest.Tests.csproj", "{56504A35-A04B-4186-BB71-1B5438617B94}"
EndProject
Project("{2150E333-8FDC-42A3-9474-1A3956D46DE8}") = "SolutionItems", "SolutionItems", "{86FB3105-F044-49BC-9080-BD5B825966F2}"
	ProjectSection(SolutionItems) = preProject
		azure-pipelines.yml = azure-pipelines.yml
		README.md = README.md
	EndProjectSection
EndProject
Project("{9A19103F-16F7-4668-BE54-9A1E7A4F7556}") = "ProjectX.Data.Abstractions", "src\ProjectX.Data.Abstractions\ProjectX.Data.Abstractions.csproj", "{79DA6C28-73A5-4699-BD77-C5B8EDF0A6BD}"
EndProject
Project("{9A19103F-16F7-4668-BE54-9A1E7A4F7556}") = "ProjectX.Data.EntityFrameworkCore", "src\ProjectX.Data.EntityFrameworkCore\ProjectX.Data.EntityFrameworkCore.csproj", "{FB051FB6-A9FD-4DD5-B707-BE5A229FB72A}"
EndProject
Project("{9A19103F-16F7-4668-BE54-9A1E7A4F7556}") = "ProjectX.Testing", "tests\ProjectX.Testing\ProjectX.Testing.csproj", "{666325B2-575B-4886-8336-1A45BA417888}"
EndProject
Project("{9A19103F-16F7-4668-BE54-9A1E7A4F7556}") = "ProjectX.Library", "src\ProjectX.Library\ProjectX.Library.csproj", "{DC273AFC-B20F-434A-BE61-496CDC6CACAB}"
EndProject
Project("{2150E333-8FDC-42A3-9474-1A3956D46DE8}") = "scripts", "scripts", "{C21C87CC-238B-4854-8D4E-DD34B3AE47D9}"
	ProjectSection(SolutionItems) = preProject
		scripts\Database.ps1 = scripts\Database.ps1
		scripts\DatabaseFunctions.psm1 = scripts\DatabaseFunctions.psm1
		scripts\Dev-Database.ps1 = scripts\Dev-Database.ps1
		scripts\RemoveAzureFirewallRule.ps1 = scripts\RemoveAzureFirewallRule.ps1
		scripts\SetAzureFirewallRule.ps1 = scripts\SetAzureFirewallRule.ps1
	EndProjectSection
EndProject
Global
	GlobalSection(SolutionConfigurationPlatforms) = preSolution
		Debug|Any CPU = Debug|Any CPU
		Debug|x64 = Debug|x64
		Debug|x86 = Debug|x86
		Release|Any CPU = Release|Any CPU
		Release|x64 = Release|x64
		Release|x86 = Release|x86
	EndGlobalSection
	GlobalSection(ProjectConfigurationPlatforms) = postSolution
		{9644E4A1-7392-4BE6-B07C-9841EB917227}.Debug|Any CPU.ActiveCfg = Debug|Any CPU
		{9644E4A1-7392-4BE6-B07C-9841EB917227}.Debug|Any CPU.Build.0 = Debug|Any CPU
		{9644E4A1-7392-4BE6-B07C-9841EB917227}.Debug|x64.ActiveCfg = Debug|Any CPU
		{9644E4A1-7392-4BE6-B07C-9841EB917227}.Debug|x64.Build.0 = Debug|Any CPU
		{9644E4A1-7392-4BE6-B07C-9841EB917227}.Debug|x86.ActiveCfg = Debug|Any CPU
		{9644E4A1-7392-4BE6-B07C-9841EB917227}.Debug|x86.Build.0 = Debug|Any CPU
		{9644E4A1-7392-4BE6-B07C-9841EB917227}.Release|Any CPU.ActiveCfg = Release|Any CPU
		{9644E4A1-7392-4BE6-B07C-9841EB917227}.Release|Any CPU.Build.0 = Release|Any CPU
		{9644E4A1-7392-4BE6-B07C-9841EB917227}.Release|x64.ActiveCfg = Release|Any CPU
		{9644E4A1-7392-4BE6-B07C-9841EB917227}.Release|x64.Build.0 = Release|Any CPU
		{9644E4A1-7392-4BE6-B07C-9841EB917227}.Release|x86.ActiveCfg = Release|Any CPU
		{9644E4A1-7392-4BE6-B07C-9841EB917227}.Release|x86.Build.0 = Release|Any CPU
		{E83BBC8B-64A8-4A21-A617-AD1A5D109E56}.Debug|Any CPU.ActiveCfg = Debug|Any CPU
		{E83BBC8B-64A8-4A21-A617-AD1A5D109E56}.Debug|Any CPU.Build.0 = Debug|Any CPU
		{E83BBC8B-64A8-4A21-A617-AD1A5D109E56}.Debug|x64.ActiveCfg = Debug|Any CPU
		{E83BBC8B-64A8-4A21-A617-AD1A5D109E56}.Debug|x64.Build.0 = Debug|Any CPU
		{E83BBC8B-64A8-4A21-A617-AD1A5D109E56}.Debug|x86.ActiveCfg = Debug|Any CPU
		{E83BBC8B-64A8-4A21-A617-AD1A5D109E56}.Debug|x86.Build.0 = Debug|Any CPU
		{E83BBC8B-64A8-4A21-A617-AD1A5D109E56}.Release|Any CPU.ActiveCfg = Release|Any CPU
		{E83BBC8B-64A8-4A21-A617-AD1A5D109E56}.Release|Any CPU.Build.0 = Release|Any CPU
		{E83BBC8B-64A8-4A21-A617-AD1A5D109E56}.Release|x64.ActiveCfg = Release|Any CPU
		{E83BBC8B-64A8-4A21-A617-AD1A5D109E56}.Release|x64.Build.0 = Release|Any CPU
		{E83BBC8B-64A8-4A21-A617-AD1A5D109E56}.Release|x86.ActiveCfg = Release|Any CPU
		{E83BBC8B-64A8-4A21-A617-AD1A5D109E56}.Release|x86.Build.0 = Release|Any CPU
		{81570500-C39A-414F-9AE1-8F25153A5162}.Debug|Any CPU.ActiveCfg = Debug|Any CPU
		{81570500-C39A-414F-9AE1-8F25153A5162}.Debug|Any CPU.Build.0 = Debug|Any CPU
		{81570500-C39A-414F-9AE1-8F25153A5162}.Debug|x64.ActiveCfg = Debug|Any CPU
		{81570500-C39A-414F-9AE1-8F25153A5162}.Debug|x64.Build.0 = Debug|Any CPU
		{81570500-C39A-414F-9AE1-8F25153A5162}.Debug|x86.ActiveCfg = Debug|Any CPU
		{81570500-C39A-414F-9AE1-8F25153A5162}.Debug|x86.Build.0 = Debug|Any CPU
		{81570500-C39A-414F-9AE1-8F25153A5162}.Release|Any CPU.ActiveCfg = Release|Any CPU
		{81570500-C39A-414F-9AE1-8F25153A5162}.Release|Any CPU.Build.0 = Release|Any CPU
		{81570500-C39A-414F-9AE1-8F25153A5162}.Release|x64.ActiveCfg = Release|Any CPU
		{81570500-C39A-414F-9AE1-8F25153A5162}.Release|x64.Build.0 = Release|Any CPU
		{81570500-C39A-414F-9AE1-8F25153A5162}.Release|x86.ActiveCfg = Release|Any CPU
		{81570500-C39A-414F-9AE1-8F25153A5162}.Release|x86.Build.0 = Release|Any CPU
		{BED58FE0-2B39-4B34-9135-64C832FCC273}.Debug|Any CPU.ActiveCfg = Debug|Any CPU
		{BED58FE0-2B39-4B34-9135-64C832FCC273}.Debug|Any CPU.Build.0 = Debug|Any CPU
		{BED58FE0-2B39-4B34-9135-64C832FCC273}.Debug|x64.ActiveCfg = Debug|Any CPU
		{BED58FE0-2B39-4B34-9135-64C832FCC273}.Debug|x64.Build.0 = Debug|Any CPU
		{BED58FE0-2B39-4B34-9135-64C832FCC273}.Debug|x86.ActiveCfg = Debug|Any CPU
		{BED58FE0-2B39-4B34-9135-64C832FCC273}.Debug|x86.Build.0 = Debug|Any CPU
		{BED58FE0-2B39-4B34-9135-64C832FCC273}.Release|Any CPU.ActiveCfg = Release|Any CPU
		{BED58FE0-2B39-4B34-9135-64C832FCC273}.Release|Any CPU.Build.0 = Release|Any CPU
		{BED58FE0-2B39-4B34-9135-64C832FCC273}.Release|x64.ActiveCfg = Release|Any CPU
		{BED58FE0-2B39-4B34-9135-64C832FCC273}.Release|x64.Build.0 = Release|Any CPU
		{BED58FE0-2B39-4B34-9135-64C832FCC273}.Release|x86.ActiveCfg = Release|Any CPU
		{BED58FE0-2B39-4B34-9135-64C832FCC273}.Release|x86.Build.0 = Release|Any CPU
		{828B1976-4287-4704-B9EB-DF131A71140D}.Debug|Any CPU.ActiveCfg = Debug|Any CPU
		{828B1976-4287-4704-B9EB-DF131A71140D}.Debug|Any CPU.Build.0 = Debug|Any CPU
		{828B1976-4287-4704-B9EB-DF131A71140D}.Debug|x64.ActiveCfg = Debug|Any CPU
		{828B1976-4287-4704-B9EB-DF131A71140D}.Debug|x64.Build.0 = Debug|Any CPU
		{828B1976-4287-4704-B9EB-DF131A71140D}.Debug|x86.ActiveCfg = Debug|Any CPU
		{828B1976-4287-4704-B9EB-DF131A71140D}.Debug|x86.Build.0 = Debug|Any CPU
		{828B1976-4287-4704-B9EB-DF131A71140D}.Release|Any CPU.ActiveCfg = Release|Any CPU
		{828B1976-4287-4704-B9EB-DF131A71140D}.Release|Any CPU.Build.0 = Release|Any CPU
		{828B1976-4287-4704-B9EB-DF131A71140D}.Release|x64.ActiveCfg = Release|Any CPU
		{828B1976-4287-4704-B9EB-DF131A71140D}.Release|x64.Build.0 = Release|Any CPU
		{828B1976-4287-4704-B9EB-DF131A71140D}.Release|x86.ActiveCfg = Release|Any CPU
		{828B1976-4287-4704-B9EB-DF131A71140D}.Release|x86.Build.0 = Release|Any CPU
		{710463E8-D0B8-44D9-B2D5-130282CCB272}.Debug|Any CPU.ActiveCfg = Debug|Any CPU
		{710463E8-D0B8-44D9-B2D5-130282CCB272}.Debug|Any CPU.Build.0 = Debug|Any CPU
		{710463E8-D0B8-44D9-B2D5-130282CCB272}.Debug|x64.ActiveCfg = Debug|Any CPU
		{710463E8-D0B8-44D9-B2D5-130282CCB272}.Debug|x64.Build.0 = Debug|Any CPU
		{710463E8-D0B8-44D9-B2D5-130282CCB272}.Debug|x86.ActiveCfg = Debug|Any CPU
		{710463E8-D0B8-44D9-B2D5-130282CCB272}.Debug|x86.Build.0 = Debug|Any CPU
		{710463E8-D0B8-44D9-B2D5-130282CCB272}.Release|Any CPU.ActiveCfg = Release|Any CPU
		{710463E8-D0B8-44D9-B2D5-130282CCB272}.Release|Any CPU.Build.0 = Release|Any CPU
		{710463E8-D0B8-44D9-B2D5-130282CCB272}.Release|x64.ActiveCfg = Release|Any CPU
		{710463E8-D0B8-44D9-B2D5-130282CCB272}.Release|x64.Build.0 = Release|Any CPU
		{710463E8-D0B8-44D9-B2D5-130282CCB272}.Release|x86.ActiveCfg = Release|Any CPU
		{710463E8-D0B8-44D9-B2D5-130282CCB272}.Release|x86.Build.0 = Release|Any CPU
		{04CAC986-9807-4655-AB79-3151E6494837}.Debug|Any CPU.ActiveCfg = Debug|Any CPU
		{04CAC986-9807-4655-AB79-3151E6494837}.Debug|Any CPU.Build.0 = Debug|Any CPU
		{04CAC986-9807-4655-AB79-3151E6494837}.Debug|x64.ActiveCfg = Debug|Any CPU
		{04CAC986-9807-4655-AB79-3151E6494837}.Debug|x64.Build.0 = Debug|Any CPU
		{04CAC986-9807-4655-AB79-3151E6494837}.Debug|x86.ActiveCfg = Debug|Any CPU
		{04CAC986-9807-4655-AB79-3151E6494837}.Debug|x86.Build.0 = Debug|Any CPU
		{04CAC986-9807-4655-AB79-3151E6494837}.Release|Any CPU.ActiveCfg = Release|Any CPU
		{04CAC986-9807-4655-AB79-3151E6494837}.Release|Any CPU.Build.0 = Release|Any CPU
		{04CAC986-9807-4655-AB79-3151E6494837}.Release|x64.ActiveCfg = Release|Any CPU
		{04CAC986-9807-4655-AB79-3151E6494837}.Release|x64.Build.0 = Release|Any CPU
		{04CAC986-9807-4655-AB79-3151E6494837}.Release|x86.ActiveCfg = Release|Any CPU
		{04CAC986-9807-4655-AB79-3151E6494837}.Release|x86.Build.0 = Release|Any CPU
		{20B31D56-D88B-40C7-960D-49CBB8636915}.Debug|Any CPU.ActiveCfg = Debug|Any CPU
		{20B31D56-D88B-40C7-960D-49CBB8636915}.Debug|Any CPU.Build.0 = Debug|Any CPU
		{20B31D56-D88B-40C7-960D-49CBB8636915}.Debug|x64.ActiveCfg = Debug|Any CPU
		{20B31D56-D88B-40C7-960D-49CBB8636915}.Debug|x64.Build.0 = Debug|Any CPU
		{20B31D56-D88B-40C7-960D-49CBB8636915}.Debug|x86.ActiveCfg = Debug|Any CPU
		{20B31D56-D88B-40C7-960D-49CBB8636915}.Debug|x86.Build.0 = Debug|Any CPU
		{20B31D56-D88B-40C7-960D-49CBB8636915}.Release|Any CPU.ActiveCfg = Release|Any CPU
		{20B31D56-D88B-40C7-960D-49CBB8636915}.Release|Any CPU.Build.0 = Release|Any CPU
		{20B31D56-D88B-40C7-960D-49CBB8636915}.Release|x64.ActiveCfg = Release|Any CPU
		{20B31D56-D88B-40C7-960D-49CBB8636915}.Release|x64.Build.0 = Release|Any CPU
		{20B31D56-D88B-40C7-960D-49CBB8636915}.Release|x86.ActiveCfg = Release|Any CPU
		{20B31D56-D88B-40C7-960D-49CBB8636915}.Release|x86.Build.0 = Release|Any CPU
		{56504A35-A04B-4186-BB71-1B5438617B94}.Debug|Any CPU.ActiveCfg = Debug|Any CPU
		{56504A35-A04B-4186-BB71-1B5438617B94}.Debug|Any CPU.Build.0 = Debug|Any CPU
		{56504A35-A04B-4186-BB71-1B5438617B94}.Debug|x64.ActiveCfg = Debug|Any CPU
		{56504A35-A04B-4186-BB71-1B5438617B94}.Debug|x64.Build.0 = Debug|Any CPU
		{56504A35-A04B-4186-BB71-1B5438617B94}.Debug|x86.ActiveCfg = Debug|Any CPU
		{56504A35-A04B-4186-BB71-1B5438617B94}.Debug|x86.Build.0 = Debug|Any CPU
		{56504A35-A04B-4186-BB71-1B5438617B94}.Release|Any CPU.ActiveCfg = Release|Any CPU
		{56504A35-A04B-4186-BB71-1B5438617B94}.Release|Any CPU.Build.0 = Release|Any CPU
		{56504A35-A04B-4186-BB71-1B5438617B94}.Release|x64.ActiveCfg = Release|Any CPU
		{56504A35-A04B-4186-BB71-1B5438617B94}.Release|x64.Build.0 = Release|Any CPU
		{56504A35-A04B-4186-BB71-1B5438617B94}.Release|x86.ActiveCfg = Release|Any CPU
		{56504A35-A04B-4186-BB71-1B5438617B94}.Release|x86.Build.0 = Release|Any CPU
		{79DA6C28-73A5-4699-BD77-C5B8EDF0A6BD}.Debug|Any CPU.ActiveCfg = Debug|Any CPU
		{79DA6C28-73A5-4699-BD77-C5B8EDF0A6BD}.Debug|Any CPU.Build.0 = Debug|Any CPU
		{79DA6C28-73A5-4699-BD77-C5B8EDF0A6BD}.Debug|x64.ActiveCfg = Debug|Any CPU
		{79DA6C28-73A5-4699-BD77-C5B8EDF0A6BD}.Debug|x64.Build.0 = Debug|Any CPU
		{79DA6C28-73A5-4699-BD77-C5B8EDF0A6BD}.Debug|x86.ActiveCfg = Debug|Any CPU
		{79DA6C28-73A5-4699-BD77-C5B8EDF0A6BD}.Debug|x86.Build.0 = Debug|Any CPU
		{79DA6C28-73A5-4699-BD77-C5B8EDF0A6BD}.Release|Any CPU.ActiveCfg = Release|Any CPU
		{79DA6C28-73A5-4699-BD77-C5B8EDF0A6BD}.Release|Any CPU.Build.0 = Release|Any CPU
		{79DA6C28-73A5-4699-BD77-C5B8EDF0A6BD}.Release|x64.ActiveCfg = Release|Any CPU
		{79DA6C28-73A5-4699-BD77-C5B8EDF0A6BD}.Release|x64.Build.0 = Release|Any CPU
		{79DA6C28-73A5-4699-BD77-C5B8EDF0A6BD}.Release|x86.ActiveCfg = Release|Any CPU
		{79DA6C28-73A5-4699-BD77-C5B8EDF0A6BD}.Release|x86.Build.0 = Release|Any CPU
		{FB051FB6-A9FD-4DD5-B707-BE5A229FB72A}.Debug|Any CPU.ActiveCfg = Debug|Any CPU
		{FB051FB6-A9FD-4DD5-B707-BE5A229FB72A}.Debug|Any CPU.Build.0 = Debug|Any CPU
		{FB051FB6-A9FD-4DD5-B707-BE5A229FB72A}.Debug|x64.ActiveCfg = Debug|Any CPU
		{FB051FB6-A9FD-4DD5-B707-BE5A229FB72A}.Debug|x64.Build.0 = Debug|Any CPU
		{FB051FB6-A9FD-4DD5-B707-BE5A229FB72A}.Debug|x86.ActiveCfg = Debug|Any CPU
		{FB051FB6-A9FD-4DD5-B707-BE5A229FB72A}.Debug|x86.Build.0 = Debug|Any CPU
		{FB051FB6-A9FD-4DD5-B707-BE5A229FB72A}.Release|Any CPU.ActiveCfg = Release|Any CPU
		{FB051FB6-A9FD-4DD5-B707-BE5A229FB72A}.Release|Any CPU.Build.0 = Release|Any CPU
		{FB051FB6-A9FD-4DD5-B707-BE5A229FB72A}.Release|x64.ActiveCfg = Release|Any CPU
		{FB051FB6-A9FD-4DD5-B707-BE5A229FB72A}.Release|x64.Build.0 = Release|Any CPU
		{FB051FB6-A9FD-4DD5-B707-BE5A229FB72A}.Release|x86.ActiveCfg = Release|Any CPU
		{FB051FB6-A9FD-4DD5-B707-BE5A229FB72A}.Release|x86.Build.0 = Release|Any CPU
		{666325B2-575B-4886-8336-1A45BA417888}.Debug|Any CPU.ActiveCfg = Debug|Any CPU
		{666325B2-575B-4886-8336-1A45BA417888}.Debug|Any CPU.Build.0 = Debug|Any CPU
		{666325B2-575B-4886-8336-1A45BA417888}.Debug|x64.ActiveCfg = Debug|Any CPU
		{666325B2-575B-4886-8336-1A45BA417888}.Debug|x64.Build.0 = Debug|Any CPU
		{666325B2-575B-4886-8336-1A45BA417888}.Debug|x86.ActiveCfg = Debug|Any CPU
		{666325B2-575B-4886-8336-1A45BA417888}.Debug|x86.Build.0 = Debug|Any CPU
		{666325B2-575B-4886-8336-1A45BA417888}.Release|Any CPU.ActiveCfg = Release|Any CPU
		{666325B2-575B-4886-8336-1A45BA417888}.Release|Any CPU.Build.0 = Release|Any CPU
		{666325B2-575B-4886-8336-1A45BA417888}.Release|x64.ActiveCfg = Release|Any CPU
		{666325B2-575B-4886-8336-1A45BA417888}.Release|x64.Build.0 = Release|Any CPU
		{666325B2-575B-4886-8336-1A45BA417888}.Release|x86.ActiveCfg = Release|Any CPU
		{666325B2-575B-4886-8336-1A45BA417888}.Release|x86.Build.0 = Release|Any CPU
		{DC273AFC-B20F-434A-BE61-496CDC6CACAB}.Debug|Any CPU.ActiveCfg = Debug|Any CPU
		{DC273AFC-B20F-434A-BE61-496CDC6CACAB}.Debug|Any CPU.Build.0 = Debug|Any CPU
		{DC273AFC-B20F-434A-BE61-496CDC6CACAB}.Debug|x64.ActiveCfg = Debug|Any CPU
		{DC273AFC-B20F-434A-BE61-496CDC6CACAB}.Debug|x64.Build.0 = Debug|Any CPU
		{DC273AFC-B20F-434A-BE61-496CDC6CACAB}.Debug|x86.ActiveCfg = Debug|Any CPU
		{DC273AFC-B20F-434A-BE61-496CDC6CACAB}.Debug|x86.Build.0 = Debug|Any CPU
		{DC273AFC-B20F-434A-BE61-496CDC6CACAB}.Release|Any CPU.ActiveCfg = Release|Any CPU
		{DC273AFC-B20F-434A-BE61-496CDC6CACAB}.Release|Any CPU.Build.0 = Release|Any CPU
		{DC273AFC-B20F-434A-BE61-496CDC6CACAB}.Release|x64.ActiveCfg = Release|Any CPU
		{DC273AFC-B20F-434A-BE61-496CDC6CACAB}.Release|x64.Build.0 = Release|Any CPU
		{DC273AFC-B20F-434A-BE61-496CDC6CACAB}.Release|x86.ActiveCfg = Release|Any CPU
		{DC273AFC-B20F-434A-BE61-496CDC6CACAB}.Release|x86.Build.0 = Release|Any CPU
	EndGlobalSection
	GlobalSection(SolutionProperties) = preSolution
		HideSolutionNode = FALSE
	EndGlobalSection
	GlobalSection(NestedProjects) = preSolution
		{9644E4A1-7392-4BE6-B07C-9841EB917227} = {D0C8F791-6552-4FFC-8577-4F52A661C040}
		{E83BBC8B-64A8-4A21-A617-AD1A5D109E56} = {D0C8F791-6552-4FFC-8577-4F52A661C040}
		{81570500-C39A-414F-9AE1-8F25153A5162} = {D0C8F791-6552-4FFC-8577-4F52A661C040}
		{BED58FE0-2B39-4B34-9135-64C832FCC273} = {0D26C6D2-155E-459B-A1F3-CEBFDA8673FF}
		{828B1976-4287-4704-B9EB-DF131A71140D} = {D0C8F791-6552-4FFC-8577-4F52A661C040}
		{710463E8-D0B8-44D9-B2D5-130282CCB272} = {D0C8F791-6552-4FFC-8577-4F52A661C040}
		{04CAC986-9807-4655-AB79-3151E6494837} = {D0C8F791-6552-4FFC-8577-4F52A661C040}
		{20B31D56-D88B-40C7-960D-49CBB8636915} = {0D26C6D2-155E-459B-A1F3-CEBFDA8673FF}
		{56504A35-A04B-4186-BB71-1B5438617B94} = {0D26C6D2-155E-459B-A1F3-CEBFDA8673FF}
		{79DA6C28-73A5-4699-BD77-C5B8EDF0A6BD} = {D0C8F791-6552-4FFC-8577-4F52A661C040}
		{FB051FB6-A9FD-4DD5-B707-BE5A229FB72A} = {D0C8F791-6552-4FFC-8577-4F52A661C040}
		{666325B2-575B-4886-8336-1A45BA417888} = {0D26C6D2-155E-459B-A1F3-CEBFDA8673FF}
		{DC273AFC-B20F-434A-BE61-496CDC6CACAB} = {D0C8F791-6552-4FFC-8577-4F52A661C040}
	EndGlobalSection
	GlobalSection(ExtensibilityGlobals) = postSolution
		SolutionGuid = {CF2D68B1-5A40-4230-8FBB-B0881A4DA330}
	EndGlobalSection
EndGlobal
